
Microsoft Visual Studio Solution File, Format Version 12.00
# Visual Studio Version 17
VisualStudioVersion = 17.7.34031.279
MinimumVisualStudioVersion = 10.0.40219.1
Project("{FAE04EC0-301F-11D3-BF4B-00C04F79EFBC}") = "WebNhom7", "WebNhom7\WebNhom7.csproj", "{26E88745-D0EA-4FC6-9E29-F540585BFFF4}"
EndProject
Global
	GlobalSection(SolutionConfigurationPlatforms) = preSolution
		Debug|Any CPU = Debug|Any CPU
		Release|Any CPU = Release|Any CPU
	EndGlobalSection
	GlobalSection(ProjectConfigurationPlatforms) = postSolution
		{26E88745-D0EA-4FC6-9E29-F540585BFFF4}.Debug|Any CPU.ActiveCfg = Debug|Any CPU
		{26E88745-D0EA-4FC6-9E29-F540585BFFF4}.Debug|Any CPU.Build.0 = Debug|Any CPU
		{26E88745-D0EA-4FC6-9E29-F540585BFFF4}.Release|Any CPU.ActiveCfg = Release|Any CPU
		{26E88745-D0EA-4FC6-9E29-F540585BFFF4}.Release|Any CPU.Build.0 = Release|Any CPU
	EndGlobalSection
	GlobalSection(SolutionProperties) = preSolution
		HideSolutionNode = FALSE
	EndGlobalSection
	GlobalSection(ExtensibilityGlobals) = postSolution
		SolutionGuid = {923F7046-CE73-408C-B50F-D6010C1BA54D}
	EndGlobalSection
EndGlobal
